
Microsoft Visual Studio Solution File, Format Version 12.00
# Visual Studio 2013
VisualStudioVersion = 12.0.21005.1
MinimumVisualStudioVersion = 10.0.40219.1
Project("{FAE04EC0-301F-11D3-BF4B-00C04F79EFBC}") = "Excel-Add-in-Sheet-Switcher", "Excel-Add-in-Sheet-Switcher\Excel-Add-in-Sheet-Switcher.csproj", "{B87E6FD8-4521-4CA1-9AC9-EE847D5A3B59}"
EndProject
Project("{FAE04EC0-301F-11D3-BF4B-00C04F79EFBC}") = "Excel-Add-in-Sheet-SwitcherWeb", "Excel-Add-in-Sheet-SwitcherWeb\Excel-Add-in-Sheet-SwitcherWeb.csproj", "{BF3CFF63-E557-4F55-B8BF-ACA4AE3CDC49}"
EndProject
Global
	GlobalSection(SolutionConfigurationPlatforms) = preSolution
		Debug|Any CPU = Debug|Any CPU
		Release|Any CPU = Release|Any CPU
	EndGlobalSection
	GlobalSection(ProjectConfigurationPlatforms) = postSolution
		{B87E6FD8-4521-4CA1-9AC9-EE847D5A3B59}.Debug|Any CPU.ActiveCfg = Debug|Any CPU
		{B87E6FD8-4521-4CA1-9AC9-EE847D5A3B59}.Debug|Any CPU.Build.0 = Debug|Any CPU
		{B87E6FD8-4521-4CA1-9AC9-EE847D5A3B59}.Debug|Any CPU.Deploy.0 = Debug|Any CPU
		{B87E6FD8-4521-4CA1-9AC9-EE847D5A3B59}.Release|Any CPU.ActiveCfg = Release|Any CPU
		{B87E6FD8-4521-4CA1-9AC9-EE847D5A3B59}.Release|Any CPU.Build.0 = Release|Any CPU
		{B87E6FD8-4521-4CA1-9AC9-EE847D5A3B59}.Release|Any CPU.Deploy.0 = Release|Any CPU
		{BF3CFF63-E557-4F55-B8BF-ACA4AE3CDC49}.Debug|Any CPU.ActiveCfg = Debug|Any CPU
		{BF3CFF63-E557-4F55-B8BF-ACA4AE3CDC49}.Debug|Any CPU.Build.0 = Debug|Any CPU
		{BF3CFF63-E557-4F55-B8BF-ACA4AE3CDC49}.Release|Any CPU.ActiveCfg = Release|Any CPU
		{BF3CFF63-E557-4F55-B8BF-ACA4AE3CDC49}.Release|Any CPU.Build.0 = Release|Any CPU
	EndGlobalSection
	GlobalSection(SolutionProperties) = preSolution
		HideSolutionNode = FALSE
	EndGlobalSection
EndGlobal
